
Microsoft Visual Studio Solution File, Format Version 12.00
# Visual Studio Version 17
VisualStudioVersion = 17.4.32804.182
MinimumVisualStudioVersion = 10.0.40219.1
Project("{FAE04EC0-301F-11D3-BF4B-00C04F79EFBC}") = "WebAPI", "WebAPI\WebAPI.csproj", "{14594E13-0977-44BD-ACAB-5257F967A606}"
EndProject
Project("{FAE04EC0-301F-11D3-BF4B-00C04F79EFBC}") = "Domain", "Domain\Domain.csproj", "{E1C2FDFD-F653-4D45-A479-735FA656FE45}"
EndProject
Project("{FAE04EC0-301F-11D3-BF4B-00C04F79EFBC}") = "EmailWorkerService", "EmailWorkerService\EmailWorkerService.csproj", "{030098D0-684C-47D4-ABDC-CFFFFD044842}"
EndProject
Global
	GlobalSection(SolutionConfigurationPlatforms) = preSolution
		Debug|Any CPU = Debug|Any CPU
		Release|Any CPU = Release|Any CPU
	EndGlobalSection
	GlobalSection(ProjectConfigurationPlatforms) = postSolution
		{14594E13-0977-44BD-ACAB-5257F967A606}.Debug|Any CPU.ActiveCfg = Debug|Any CPU
		{14594E13-0977-44BD-ACAB-5257F967A606}.Debug|Any CPU.Build.0 = Debug|Any CPU
		{14594E13-0977-44BD-ACAB-5257F967A606}.Release|Any CPU.ActiveCfg = Release|Any CPU
		{14594E13-0977-44BD-ACAB-5257F967A606}.Release|Any CPU.Build.0 = Release|Any CPU
		{E1C2FDFD-F653-4D45-A479-735FA656FE45}.Debug|Any CPU.ActiveCfg = Debug|Any CPU
		{E1C2FDFD-F653-4D45-A479-735FA656FE45}.Debug|Any CPU.Build.0 = Debug|Any CPU
		{E1C2FDFD-F653-4D45-A479-735FA656FE45}.Release|Any CPU.ActiveCfg = Release|Any CPU
		{E1C2FDFD-F653-4D45-A479-735FA656FE45}.Release|Any CPU.Build.0 = Release|Any CPU
		{030098D0-684C-47D4-ABDC-CFFFFD044842}.Debug|Any CPU.ActiveCfg = Debug|Any CPU
		{030098D0-684C-47D4-ABDC-CFFFFD044842}.Debug|Any CPU.Build.0 = Debug|Any CPU
		{030098D0-684C-47D4-ABDC-CFFFFD044842}.Release|Any CPU.ActiveCfg = Release|Any CPU
		{030098D0-684C-47D4-ABDC-CFFFFD044842}.Release|Any CPU.Build.0 = Release|Any CPU
	EndGlobalSection
	GlobalSection(SolutionProperties) = preSolution
		HideSolutionNode = FALSE
	EndGlobalSection
	GlobalSection(ExtensibilityGlobals) = postSolution
		SolutionGuid = {EC7FF1F7-A90D-470C-97B3-E09E55A3B2CF}
	EndGlobalSection
EndGlobal
